// !$*UTF8*$!
{
	archiveVersion = 1;
	classes = {
	};
	objectVersion = 51;
	objects = {

/* Begin PBXBuildFile section */
		82F8491A64D3E5A18718EB82 /* Pods_On_The_Map.framework in Frameworks */ = {isa = PBXBuildFile; fileRef = 0BB3D993FC85945C8934C9DA /* Pods_On_The_Map.framework */; };
		CE1DC44A25CA861800E6A451 /* AppDelegate.swift in Sources */ = {isa = PBXBuildFile; fileRef = CE1DC44925CA861800E6A451 /* AppDelegate.swift */; };
		CE1DC44C25CA861800E6A451 /* SceneDelegate.swift in Sources */ = {isa = PBXBuildFile; fileRef = CE1DC44B25CA861800E6A451 /* SceneDelegate.swift */; };
		CE1DC44E25CA861800E6A451 /* LoginViewController.swift in Sources */ = {isa = PBXBuildFile; fileRef = CE1DC44D25CA861800E6A451 /* LoginViewController.swift */; };
		CE1DC45125CA861800E6A451 /* Main.storyboard in Resources */ = {isa = PBXBuildFile; fileRef = CE1DC44F25CA861800E6A451 /* Main.storyboard */; };
		CE1DC45325CA861A00E6A451 /* Assets.xcassets in Resources */ = {isa = PBXBuildFile; fileRef = CE1DC45225CA861A00E6A451 /* Assets.xcassets */; };
		CE1DC45625CA861A00E6A451 /* LaunchScreen.storyboard in Resources */ = {isa = PBXBuildFile; fileRef = CE1DC45425CA861A00E6A451 /* LaunchScreen.storyboard */; };
		CE2CCAD325CFEB9E005A49E8 /* InformationPostingViewController.swift in Sources */ = {isa = PBXBuildFile; fileRef = CE2CCAD225CFEB9E005A49E8 /* InformationPostingViewController.swift */; };
		CE6670FC25D2CCC300C48C15 /* Authentication.swift in Sources */ = {isa = PBXBuildFile; fileRef = CE6670FB25D2CCC300C48C15 /* Authentication.swift */; };
		CE66710025D2DC8D00C48C15 /* CustomError.swift in Sources */ = {isa = PBXBuildFile; fileRef = CE6670FF25D2DC8D00C48C15 /* CustomError.swift */; };
		CE66710425D2EC0900C48C15 /* Session.swift in Sources */ = {isa = PBXBuildFile; fileRef = CE66710325D2EC0900C48C15 /* Session.swift */; };
		CE66710825D2F15E00C48C15 /* Request.swift in Sources */ = {isa = PBXBuildFile; fileRef = CE66710725D2F15E00C48C15 /* Request.swift */; };
		CEB4B18A25CD82AF000B634F /* TabbedTableViewCell.swift in Sources */ = {isa = PBXBuildFile; fileRef = CEB4B18825CD82AF000B634F /* TabbedTableViewCell.swift */; };
		CEB4B18B25CD82AF000B634F /* TabbedTableViewCell.xib in Resources */ = {isa = PBXBuildFile; fileRef = CEB4B18925CD82AF000B634F /* TabbedTableViewCell.xib */; };
		CEBA56E525CC369B00582E1A /* HelperFunction.swift in Sources */ = {isa = PBXBuildFile; fileRef = CEBA56E425CC369B00582E1A /* HelperFunction.swift */; };
		CEBA56E925CC3C6600582E1A /* ErrorMessage.swift in Sources */ = {isa = PBXBuildFile; fileRef = CEBA56E825CC3C6600582E1A /* ErrorMessage.swift */; };
		CEBA56EC25CC459000582E1A /* Validation.swift in Sources */ = {isa = PBXBuildFile; fileRef = CEBA56EB25CC459000582E1A /* Validation.swift */; };
		CEBA56EF25CC4A3900582E1A /* MapViewController.swift in Sources */ = {isa = PBXBuildFile; fileRef = CEBA56EE25CC4A3900582E1A /* MapViewController.swift */; };
		CEBA56F225CC4A5200582E1A /* TableTabbedViewController.swift in Sources */ = {isa = PBXBuildFile; fileRef = CEBA56F125CC4A5200582E1A /* TableTabbedViewController.swift */; };
/* End PBXBuildFile section */

/* Begin PBXFileReference section */
		0BB3D993FC85945C8934C9DA /* Pods_On_The_Map.framework */ = {isa = PBXFileReference; explicitFileType = wrapper.framework; includeInIndex = 0; path = Pods_On_The_Map.framework; sourceTree = BUILT_PRODUCTS_DIR; };
		BB0E379B9F62CF1CA8A1AEFE /* Pods-On The Map.release.xcconfig */ = {isa = PBXFileReference; includeInIndex = 1; lastKnownFileType = text.xcconfig; name = "Pods-On The Map.release.xcconfig"; path = "Target Support Files/Pods-On The Map/Pods-On The Map.release.xcconfig"; sourceTree = "<group>"; };
		CE1DC44625CA861800E6A451 /* On The Map.app */ = {isa = PBXFileReference; explicitFileType = wrapper.application; includeInIndex = 0; path = "On The Map.app"; sourceTree = BUILT_PRODUCTS_DIR; };
		CE1DC44925CA861800E6A451 /* AppDelegate.swift */ = {isa = PBXFileReference; lastKnownFileType = sourcecode.swift; path = AppDelegate.swift; sourceTree = "<group>"; };
		CE1DC44B25CA861800E6A451 /* SceneDelegate.swift */ = {isa = PBXFileReference; lastKnownFileType = sourcecode.swift; path = SceneDelegate.swift; sourceTree = "<group>"; };
		CE1DC44D25CA861800E6A451 /* LoginViewController.swift */ = {isa = PBXFileReference; lastKnownFileType = sourcecode.swift; path = LoginViewController.swift; sourceTree = "<group>"; };
		CE1DC45025CA861800E6A451 /* Base */ = {isa = PBXFileReference; lastKnownFileType = file.storyboard; name = Base; path = Base.lproj/Main.storyboard; sourceTree = "<group>"; };
		CE1DC45225CA861A00E6A451 /* Assets.xcassets */ = {isa = PBXFileReference; lastKnownFileType = folder.assetcatalog; path = Assets.xcassets; sourceTree = "<group>"; };
		CE1DC45525CA861A00E6A451 /* Base */ = {isa = PBXFileReference; lastKnownFileType = file.storyboard; name = Base; path = Base.lproj/LaunchScreen.storyboard; sourceTree = "<group>"; };
		CE1DC45725CA861A00E6A451 /* Info.plist */ = {isa = PBXFileReference; lastKnownFileType = text.plist.xml; path = Info.plist; sourceTree = "<group>"; };
		CE2CCAD225CFEB9E005A49E8 /* InformationPostingViewController.swift */ = {isa = PBXFileReference; lastKnownFileType = sourcecode.swift; path = InformationPostingViewController.swift; sourceTree = "<group>"; };
		CE6670FB25D2CCC300C48C15 /* Authentication.swift */ = {isa = PBXFileReference; lastKnownFileType = sourcecode.swift; path = Authentication.swift; sourceTree = "<group>"; };
		CE6670FF25D2DC8D00C48C15 /* CustomError.swift */ = {isa = PBXFileReference; lastKnownFileType = sourcecode.swift; path = CustomError.swift; sourceTree = "<group>"; };
		CE66710325D2EC0900C48C15 /* Session.swift */ = {isa = PBXFileReference; lastKnownFileType = sourcecode.swift; path = Session.swift; sourceTree = "<group>"; };
		CE66710725D2F15E00C48C15 /* Request.swift */ = {isa = PBXFileReference; lastKnownFileType = sourcecode.swift; path = Request.swift; sourceTree = "<group>"; };
		CEB4B18825CD82AF000B634F /* TabbedTableViewCell.swift */ = {isa = PBXFileReference; lastKnownFileType = sourcecode.swift; path = TabbedTableViewCell.swift; sourceTree = "<group>"; };
		CEB4B18925CD82AF000B634F /* TabbedTableViewCell.xib */ = {isa = PBXFileReference; lastKnownFileType = file.xib; path = TabbedTableViewCell.xib; sourceTree = "<group>"; };
		CEBA56E425CC369B00582E1A /* HelperFunction.swift */ = {isa = PBXFileReference; lastKnownFileType = sourcecode.swift; path = HelperFunction.swift; sourceTree = "<group>"; };
		CEBA56E825CC3C6600582E1A /* ErrorMessage.swift */ = {isa = PBXFileReference; lastKnownFileType = sourcecode.swift; path = ErrorMessage.swift; sourceTree = "<group>"; };
		CEBA56EB25CC459000582E1A /* Validation.swift */ = {isa = PBXFileReference; lastKnownFileType = sourcecode.swift; path = Validation.swift; sourceTree = "<group>"; };
		CEBA56EE25CC4A3900582E1A /* MapViewController.swift */ = {isa = PBXFileReference; lastKnownFileType = sourcecode.swift; path = MapViewController.swift; sourceTree = "<group>"; };
		CEBA56F125CC4A5200582E1A /* TableTabbedViewController.swift */ = {isa = PBXFileReference; lastKnownFileType = sourcecode.swift; path = TableTabbedViewController.swift; sourceTree = "<group>"; };
		E59A2DB2A7AD11535221DF09 /* Pods-On The Map.debug.xcconfig */ = {isa = PBXFileReference; includeInIndex = 1; lastKnownFileType = text.xcconfig; name = "Pods-On The Map.debug.xcconfig"; path = "Target Support Files/Pods-On The Map/Pods-On The Map.debug.xcconfig"; sourceTree = "<group>"; };
/* End PBXFileReference section */

/* Begin PBXFrameworksBuildPhase section */
		CE1DC44325CA861800E6A451 /* Frameworks */ = {
			isa = PBXFrameworksBuildPhase;
			buildActionMask = 2147483647;
			files = (
				82F8491A64D3E5A18718EB82 /* Pods_On_The_Map.framework in Frameworks */,
			);
			runOnlyForDeploymentPostprocessing = 0;
		};
/* End PBXFrameworksBuildPhase section */

/* Begin PBXGroup section */
		01BEFED40BDE37563DF554D2 /* Pods */ = {
			isa = PBXGroup;
			children = (
				E59A2DB2A7AD11535221DF09 /* Pods-On The Map.debug.xcconfig */,
				BB0E379B9F62CF1CA8A1AEFE /* Pods-On The Map.release.xcconfig */,
			);
			path = Pods;
			sourceTree = "<group>";
		};
		55F09584FF305FADC28F8849 /* Frameworks */ = {
			isa = PBXGroup;
			children = (
				0BB3D993FC85945C8934C9DA /* Pods_On_The_Map.framework */,
			);
			name = Frameworks;
			sourceTree = "<group>";
		};
		CE1DC43D25CA861800E6A451 = {
			isa = PBXGroup;
			children = (
				CE1DC44825CA861800E6A451 /* On The Map */,
				CE1DC44725CA861800E6A451 /* Products */,
				01BEFED40BDE37563DF554D2 /* Pods */,
				55F09584FF305FADC28F8849 /* Frameworks */,
			);
			sourceTree = "<group>";
		};
		CE1DC44725CA861800E6A451 /* Products */ = {
			isa = PBXGroup;
			children = (
				CE1DC44625CA861800E6A451 /* On The Map.app */,
			);
			name = Products;
			sourceTree = "<group>";
		};
		CE1DC44825CA861800E6A451 /* On The Map */ = {
			isa = PBXGroup;
			children = (
				CE6670F925D2CC3B00C48C15 /* Model */,
				CE29A9DF25CAB35D003C5330 /* Controller */,
				CE1DC45E25CA863900E6A451 /* View */,
				CE1DC45725CA861A00E6A451 /* Info.plist */,
			);
			path = "On The Map";
			sourceTree = "<group>";
		};
		CE1DC45E25CA863900E6A451 /* View */ = {
			isa = PBXGroup;
			children = (
				CE1DC45225CA861A00E6A451 /* Assets.xcassets */,
				CE1DC44F25CA861800E6A451 /* Main.storyboard */,
				CE1DC45425CA861A00E6A451 /* LaunchScreen.storyboard */,
				CEB4B18925CD82AF000B634F /* TabbedTableViewCell.xib */,
			);
			path = View;
			sourceTree = "<group>";
		};
		CE29A9DF25CAB35D003C5330 /* Controller */ = {
			isa = PBXGroup;
			children = (
				CEBA56E325CC366700582E1A /* Helper */,
				CE1DC44925CA861800E6A451 /* AppDelegate.swift */,
				CE1DC44B25CA861800E6A451 /* SceneDelegate.swift */,
				CE1DC44D25CA861800E6A451 /* LoginViewController.swift */,
				CEB4B18825CD82AF000B634F /* TabbedTableViewCell.swift */,
				CEBA56EE25CC4A3900582E1A /* MapViewController.swift */,
				CEBA56F125CC4A5200582E1A /* TableTabbedViewController.swift */,
				CE2CCAD225CFEB9E005A49E8 /* InformationPostingViewController.swift */,
			);
			path = Controller;
			sourceTree = "<group>";
		};
		CE6670F925D2CC3B00C48C15 /* Model */ = {
			isa = PBXGroup;
			children = (
				CE66710225D2EBAD00C48C15 /* Requests */,
				CE6670FA25D2CCA400C48C15 /* Client */,
			);
			path = Model;
			sourceTree = "<group>";
		};
		CE6670FA25D2CCA400C48C15 /* Client */ = {
			isa = PBXGroup;
			children = (
				CE6670FB25D2CCC300C48C15 /* Authentication.swift */,
				CE66710725D2F15E00C48C15 /* Request.swift */,
			);
			path = Client;
			sourceTree = "<group>";
		};
		CE66710225D2EBAD00C48C15 /* Requests */ = {
			isa = PBXGroup;
			children = (
				CE66710325D2EC0900C48C15 /* Session.swift */,
			);
			path = Requests;
			sourceTree = "<group>";
		};
		CEBA56E325CC366700582E1A /* Helper */ = {
			isa = PBXGroup;
			children = (
				CEBA56E425CC369B00582E1A /* HelperFunction.swift */,
				CEBA56E825CC3C6600582E1A /* ErrorMessage.swift */,
				CEBA56EB25CC459000582E1A /* Validation.swift */,
				CE6670FF25D2DC8D00C48C15 /* CustomError.swift */,
			);
			path = Helper;
			sourceTree = "<group>";
		};
/* End PBXGroup section */

/* Begin PBXNativeTarget section */
		CE1DC44525CA861800E6A451 /* On The Map */ = {
			isa = PBXNativeTarget;
			buildConfigurationList = CE1DC45A25CA861A00E6A451 /* Build configuration list for PBXNativeTarget "On The Map" */;
			buildPhases = (
				7A28E1E58FC70CBBEC641969 /* [CP] Check Pods Manifest.lock */,
				CE1DC44225CA861800E6A451 /* Sources */,
				CE1DC44325CA861800E6A451 /* Frameworks */,
				CE1DC44425CA861800E6A451 /* Resources */,
				D3CFFC336A3E266D1C8B13AA /* [CP] Embed Pods Frameworks */,
			);
			buildRules = (
			);
			dependencies = (
			);
			name = "On The Map";
			productName = "On The Map";
			productReference = CE1DC44625CA861800E6A451 /* On The Map.app */;
			productType = "com.apple.product-type.application";
		};
/* End PBXNativeTarget section */

/* Begin PBXProject section */
		CE1DC43E25CA861800E6A451 /* Project object */ = {
			isa = PBXProject;
			attributes = {
				LastSwiftUpdateCheck = 1230;
				LastUpgradeCheck = 1230;
				TargetAttributes = {
					CE1DC44525CA861800E6A451 = {
						CreatedOnToolsVersion = 12.3;
					};
				};
			};
			buildConfigurationList = CE1DC44125CA861800E6A451 /* Build configuration list for PBXProject "On The Map" */;
			compatibilityVersion = "Xcode 9.3";
			developmentRegion = en;
			hasScannedForEncodings = 0;
			knownRegions = (
				en,
				Base,
			);
			mainGroup = CE1DC43D25CA861800E6A451;
			productRefGroup = CE1DC44725CA861800E6A451 /* Products */;
			projectDirPath = "";
			projectRoot = "";
			targets = (
				CE1DC44525CA861800E6A451 /* On The Map */,
			);
		};
/* End PBXProject section */

/* Begin PBXResourcesBuildPhase section */
		CE1DC44425CA861800E6A451 /* Resources */ = {
			isa = PBXResourcesBuildPhase;
			buildActionMask = 2147483647;
			files = (
				CE1DC45625CA861A00E6A451 /* LaunchScreen.storyboard in Resources */,
				CEB4B18B25CD82AF000B634F /* TabbedTableViewCell.xib in Resources */,
				CE1DC45325CA861A00E6A451 /* Assets.xcassets in Resources */,
				CE1DC45125CA861800E6A451 /* Main.storyboard in Resources */,
			);
			runOnlyForDeploymentPostprocessing = 0;
		};
/* End PBXResourcesBuildPhase section */

/* Begin PBXShellScriptBuildPhase section */
		7A28E1E58FC70CBBEC641969 /* [CP] Check Pods Manifest.lock */ = {
			isa = PBXShellScriptBuildPhase;
			buildActionMask = 2147483647;
			files = (
			);
			inputFileListPaths = (
			);
			inputPaths = (
				"${PODS_PODFILE_DIR_PATH}/Podfile.lock",
				"${PODS_ROOT}/Manifest.lock",
			);
			name = "[CP] Check Pods Manifest.lock";
			outputFileListPaths = (
			);
			outputPaths = (
				"$(DERIVED_FILE_DIR)/Pods-On The Map-checkManifestLockResult.txt",
			);
			runOnlyForDeploymentPostprocessing = 0;
			shellPath = /bin/sh;
			shellScript = "diff \"${PODS_PODFILE_DIR_PATH}/Podfile.lock\" \"${PODS_ROOT}/Manifest.lock\" > /dev/null\nif [ $? != 0 ] ; then\n    # print error to STDERR\n    echo \"error: The sandbox is not in sync with the Podfile.lock. Run 'pod install' or update your CocoaPods installation.\" >&2\n    exit 1\nfi\n# This output is used by Xcode 'outputs' to avoid re-running this script phase.\necho \"SUCCESS\" > \"${SCRIPT_OUTPUT_FILE_0}\"\n";
			showEnvVarsInLog = 0;
		};
		D3CFFC336A3E266D1C8B13AA /* [CP] Embed Pods Frameworks */ = {
			isa = PBXShellScriptBuildPhase;
			buildActionMask = 2147483647;
			files = (
			);
			inputFileListPaths = (
				"${PODS_ROOT}/Target Support Files/Pods-On The Map/Pods-On The Map-frameworks-${CONFIGURATION}-input-files.xcfilelist",
			);
			name = "[CP] Embed Pods Frameworks";
			outputFileListPaths = (
				"${PODS_ROOT}/Target Support Files/Pods-On The Map/Pods-On The Map-frameworks-${CONFIGURATION}-output-files.xcfilelist",
			);
			runOnlyForDeploymentPostprocessing = 0;
			shellPath = /bin/sh;
			shellScript = "\"${PODS_ROOT}/Target Support Files/Pods-On The Map/Pods-On The Map-frameworks.sh\"\n";
			showEnvVarsInLog = 0;
		};
/* End PBXShellScriptBuildPhase section */

/* Begin PBXSourcesBuildPhase section */
		CE1DC44225CA861800E6A451 /* Sources */ = {
			isa = PBXSourcesBuildPhase;
			buildActionMask = 2147483647;
			files = (
				CE1DC44E25CA861800E6A451 /* LoginViewController.swift in Sources */,
				CEBA56E525CC369B00582E1A /* HelperFunction.swift in Sources */,
				CEBA56E925CC3C6600582E1A /* ErrorMessage.swift in Sources */,
				CEBA56F225CC4A5200582E1A /* TableTabbedViewController.swift in Sources */,
				CE1DC44A25CA861800E6A451 /* AppDelegate.swift in Sources */,
				CE66710025D2DC8D00C48C15 /* CustomError.swift in Sources */,
				CEB4B18A25CD82AF000B634F /* TabbedTableViewCell.swift in Sources */,
				CE66710425D2EC0900C48C15 /* Session.swift in Sources */,
				CE2CCAD325CFEB9E005A49E8 /* InformationPostingViewController.swift in Sources */,
				CEBA56EC25CC459000582E1A /* Validation.swift in Sources */,
				CE1DC44C25CA861800E6A451 /* SceneDelegate.swift in Sources */,
				CE66710825D2F15E00C48C15 /* Request.swift in Sources */,
				CEBA56EF25CC4A3900582E1A /* MapViewController.swift in Sources */,
				CE6670FC25D2CCC300C48C15 /* Authentication.swift in Sources */,
			);
			runOnlyForDeploymentPostprocessing = 0;
		};
/* End PBXSourcesBuildPhase section */

/* Begin PBXVariantGroup section */
		CE1DC44F25CA861800E6A451 /* Main.storyboard */ = {
			isa = PBXVariantGroup;
			children = (
				CE1DC45025CA861800E6A451 /* Base */,
			);
			name = Main.storyboard;
			sourceTree = "<group>";
		};
		CE1DC45425CA861A00E6A451 /* LaunchScreen.storyboard */ = {
			isa = PBXVariantGroup;
			children = (
				CE1DC45525CA861A00E6A451 /* Base */,
			);
			name = LaunchScreen.storyboard;
			sourceTree = "<group>";
		};
/* End PBXVariantGroup section */

/* Begin XCBuildConfiguration section */
		CE1DC45825CA861A00E6A451 /* Debug */ = {
			isa = XCBuildConfiguration;
			buildSettings = {
				ALWAYS_SEARCH_USER_PATHS = NO;
				CLANG_ANALYZER_NONNULL = YES;
				CLANG_ANALYZER_NUMBER_OBJECT_CONVERSION = YES_AGGRESSIVE;
				CLANG_CXX_LANGUAGE_STANDARD = "gnu++14";
				CLANG_CXX_LIBRARY = "libc++";
				CLANG_ENABLE_MODULES = YES;
				CLANG_ENABLE_OBJC_ARC = YES;
				CLANG_ENABLE_OBJC_WEAK = YES;
				CLANG_WARN_BLOCK_CAPTURE_AUTORELEASING = YES;
				CLANG_WARN_BOOL_CONVERSION = YES;
				CLANG_WARN_COMMA = YES;
				CLANG_WARN_CONSTANT_CONVERSION = YES;
				CLANG_WARN_DEPRECATED_OBJC_IMPLEMENTATIONS = YES;
				CLANG_WARN_DIRECT_OBJC_ISA_USAGE = YES_ERROR;
				CLANG_WARN_DOCUMENTATION_COMMENTS = YES;
				CLANG_WARN_EMPTY_BODY = YES;
				CLANG_WARN_ENUM_CONVERSION = YES;
				CLANG_WARN_INFINITE_RECURSION = YES;
				CLANG_WARN_INT_CONVERSION = YES;
				CLANG_WARN_NON_LITERAL_NULL_CONVERSION = YES;
				CLANG_WARN_OBJC_IMPLICIT_RETAIN_SELF = YES;
				CLANG_WARN_OBJC_LITERAL_CONVERSION = YES;
				CLANG_WARN_OBJC_ROOT_CLASS = YES_ERROR;
				CLANG_WARN_QUOTED_INCLUDE_IN_FRAMEWORK_HEADER = YES;
				CLANG_WARN_RANGE_LOOP_ANALYSIS = YES;
				CLANG_WARN_STRICT_PROTOTYPES = YES;
				CLANG_WARN_SUSPICIOUS_MOVE = YES;
				CLANG_WARN_UNGUARDED_AVAILABILITY = YES_AGGRESSIVE;
				CLANG_WARN_UNREACHABLE_CODE = YES;
				CLANG_WARN__DUPLICATE_METHOD_MATCH = YES;
				COPY_PHASE_STRIP = NO;
				DEBUG_INFORMATION_FORMAT = dwarf;
				ENABLE_STRICT_OBJC_MSGSEND = YES;
				ENABLE_TESTABILITY = YES;
				GCC_C_LANGUAGE_STANDARD = gnu11;
				GCC_DYNAMIC_NO_PIC = NO;
				GCC_NO_COMMON_BLOCKS = YES;
				GCC_OPTIMIZATION_LEVEL = 0;
				GCC_PREPROCESSOR_DEFINITIONS = (
					"DEBUG=1",
					"$(inherited)",
				);
				GCC_WARN_64_TO_32_BIT_CONVERSION = YES;
				GCC_WARN_ABOUT_RETURN_TYPE = YES_ERROR;
				GCC_WARN_UNDECLARED_SELECTOR = YES;
				GCC_WARN_UNINITIALIZED_AUTOS = YES_AGGRESSIVE;
				GCC_WARN_UNUSED_FUNCTION = YES;
				GCC_WARN_UNUSED_VARIABLE = YES;
				IPHONEOS_DEPLOYMENT_TARGET = 14.3;
				MTL_ENABLE_DEBUG_INFO = INCLUDE_SOURCE;
				MTL_FAST_MATH = YES;
				ONLY_ACTIVE_ARCH = YES;
				SDKROOT = iphoneos;
				SWIFT_ACTIVE_COMPILATION_CONDITIONS = DEBUG;
				SWIFT_OPTIMIZATION_LEVEL = "-Onone";
			};
			name = Debug;
		};
		CE1DC45925CA861A00E6A451 /* Release */ = {
			isa = XCBuildConfiguration;
			buildSettings = {
				ALWAYS_SEARCH_USER_PATHS = NO;
				CLANG_ANALYZER_NONNULL = YES;
				CLANG_ANALYZER_NUMBER_OBJECT_CONVERSION = YES_AGGRESSIVE;
				CLANG_CXX_LANGUAGE_STANDARD = "gnu++14";
				CLANG_CXX_LIBRARY = "libc++";
				CLANG_ENABLE_MODULES = YES;
				CLANG_ENABLE_OBJC_ARC = YES;
				CLANG_ENABLE_OBJC_WEAK = YES;
				CLANG_WARN_BLOCK_CAPTURE_AUTORELEASING = YES;
				CLANG_WARN_BOOL_CONVERSION = YES;
				CLANG_WARN_COMMA = YES;
				CLANG_WARN_CONSTANT_CONVERSION = YES;
				CLANG_WARN_DEPRECATED_OBJC_IMPLEMENTATIONS = YES;
				CLANG_WARN_DIRECT_OBJC_ISA_USAGE = YES_ERROR;
				CLANG_WARN_DOCUMENTATION_COMMENTS = YES;
				CLANG_WARN_EMPTY_BODY = YES;
				CLANG_WARN_ENUM_CONVERSION = YES;
				CLANG_WARN_INFINITE_RECURSION = YES;
				CLANG_WARN_INT_CONVERSION = YES;
				CLANG_WARN_NON_LITERAL_NULL_CONVERSION = YES;
				CLANG_WARN_OBJC_IMPLICIT_RETAIN_SELF = YES;
				CLANG_WARN_OBJC_LITERAL_CONVERSION = YES;
				CLANG_WARN_OBJC_ROOT_CLASS = YES_ERROR;
				CLANG_WARN_QUOTED_INCLUDE_IN_FRAMEWORK_HEADER = YES;
				CLANG_WARN_RANGE_LOOP_ANALYSIS = YES;
				CLANG_WARN_STRICT_PROTOTYPES = YES;
				CLANG_WARN_SUSPICIOUS_MOVE = YES;
				CLANG_WARN_UNGUARDED_AVAILABILITY = YES_AGGRESSIVE;
				CLANG_WARN_UNREACHABLE_CODE = YES;
				CLANG_WARN__DUPLICATE_METHOD_MATCH = YES;
				COPY_PHASE_STRIP = NO;
				DEBUG_INFORMATION_FORMAT = "dwarf-with-dsym";
				ENABLE_NS_ASSERTIONS = NO;
				ENABLE_STRICT_OBJC_MSGSEND = YES;
				GCC_C_LANGUAGE_STANDARD = gnu11;
				GCC_NO_COMMON_BLOCKS = YES;
				GCC_WARN_64_TO_32_BIT_CONVERSION = YES;
				GCC_WARN_ABOUT_RETURN_TYPE = YES_ERROR;
				GCC_WARN_UNDECLARED_SELECTOR = YES;
				GCC_WARN_UNINITIALIZED_AUTOS = YES_AGGRESSIVE;
				GCC_WARN_UNUSED_FUNCTION = YES;
				GCC_WARN_UNUSED_VARIABLE = YES;
				IPHONEOS_DEPLOYMENT_TARGET = 14.3;
				MTL_ENABLE_DEBUG_INFO = NO;
				MTL_FAST_MATH = YES;
				SDKROOT = iphoneos;
				SWIFT_COMPILATION_MODE = wholemodule;
				SWIFT_OPTIMIZATION_LEVEL = "-O";
				VALIDATE_PRODUCT = YES;
			};
			name = Release;
		};
		CE1DC45B25CA861A00E6A451 /* Debug */ = {
			isa = XCBuildConfiguration;
			baseConfigurationReference = E59A2DB2A7AD11535221DF09 /* Pods-On The Map.debug.xcconfig */;
			buildSettings = {
				ASSETCATALOG_COMPILER_APPICON_NAME = AppIcon;
				ASSETCATALOG_COMPILER_GLOBAL_ACCENT_COLOR_NAME = AccentColor;
				CODE_SIGN_STYLE = Automatic;
				DEVELOPMENT_TEAM = C8B5KB45S4;
				INFOPLIST_FILE = "On The Map/Info.plist";
				LD_RUNPATH_SEARCH_PATHS = (
					"$(inherited)",
					"@executable_path/Frameworks",
				);
				PRODUCT_BUNDLE_IDENTIFIER = "com.annulus.On-The-Map";
				PRODUCT_NAME = "$(TARGET_NAME)";
				SWIFT_VERSION = 5.0;
				TARGETED_DEVICE_FAMILY = "1,2";
			};
			name = Debug;
		};
		CE1DC45C25CA861A00E6A451 /* Release */ = {
			isa = XCBuildConfiguration;
			baseConfigurationReference = BB0E379B9F62CF1CA8A1AEFE /* Pods-On The Map.release.xcconfig */;
			buildSettings = {
				ASSETCATALOG_COMPILER_APPICON_NAME = AppIcon;
				ASSETCATALOG_COMPILER_GLOBAL_ACCENT_COLOR_NAME = AccentColor;
				CODE_SIGN_STYLE = Automatic;
				DEVELOPMENT_TEAM = C8B5KB45S4;
				INFOPLIST_FILE = "On The Map/Info.plist";
				LD_RUNPATH_SEARCH_PATHS = (
					"$(inherited)",
					"@executable_path/Frameworks",
				);
				PRODUCT_BUNDLE_IDENTIFIER = "com.annulus.On-The-Map";
				PRODUCT_NAME = "$(TARGET_NAME)";
				SWIFT_VERSION = 5.0;
				TARGETED_DEVICE_FAMILY = "1,2";
			};
			name = Release;
		};
/* End XCBuildConfiguration section */

/* Begin XCConfigurationList section */
		CE1DC44125CA861800E6A451 /* Build configuration list for PBXProject "On The Map" */ = {
			isa = XCConfigurationList;
			buildConfigurations = (
				CE1DC45825CA861A00E6A451 /* Debug */,
				CE1DC45925CA861A00E6A451 /* Release */,
			);
			defaultConfigurationIsVisible = 0;
			defaultConfigurationName = Release;
		};
		CE1DC45A25CA861A00E6A451 /* Build configuration list for PBXNativeTarget "On The Map" */ = {
			isa = XCConfigurationList;
			buildConfigurations = (
				CE1DC45B25CA861A00E6A451 /* Debug */,
				CE1DC45C25CA861A00E6A451 /* Release */,
			);
			defaultConfigurationIsVisible = 0;
			defaultConfigurationName = Release;
		};
/* End XCConfigurationList section */
	};
	rootObject = CE1DC43E25CA861800E6A451 /* Project object */;
}
